
Microsoft Visual Studio Solution File, Format Version 12.00
# Visual Studio 15
VisualStudioVersion = 15.0.26430.6
MinimumVisualStudioVersion = 10.0.40219.1
Project("{FAE04EC0-301F-11D3-BF4B-00C04F79EFBC}") = "ConvertibleToXElement", "ConvertibleToXElement\ConvertibleToXElement.csproj", "{0D99EEAB-1738-4175-8EEB-C220525DBFFC}"
EndProject
Project("{FAE04EC0-301F-11D3-BF4B-00C04F79EFBC}") = "ConvertibleToXElementTests", "ConvertibleToXElementTests\ConvertibleToXElementTests.csproj", "{DD778381-EE64-45CB-B6BC-A3A55BBA9502}"
EndProject
Global
	GlobalSection(SolutionConfigurationPlatforms) = preSolution
		Debug|Any CPU = Debug|Any CPU
		Release|Any CPU = Release|Any CPU
	EndGlobalSection
	GlobalSection(ProjectConfigurationPlatforms) = postSolution
		{0D99EEAB-1738-4175-8EEB-C220525DBFFC}.Debug|Any CPU.ActiveCfg = Debug|Any CPU
		{0D99EEAB-1738-4175-8EEB-C220525DBFFC}.Debug|Any CPU.Build.0 = Debug|Any CPU
		{0D99EEAB-1738-4175-8EEB-C220525DBFFC}.Release|Any CPU.ActiveCfg = Release|Any CPU
		{0D99EEAB-1738-4175-8EEB-C220525DBFFC}.Release|Any CPU.Build.0 = Release|Any CPU
		{DD778381-EE64-45CB-B6BC-A3A55BBA9502}.Debug|Any CPU.ActiveCfg = Debug|Any CPU
		{DD778381-EE64-45CB-B6BC-A3A55BBA9502}.Debug|Any CPU.Build.0 = Debug|Any CPU
		{DD778381-EE64-45CB-B6BC-A3A55BBA9502}.Release|Any CPU.ActiveCfg = Release|Any CPU
		{DD778381-EE64-45CB-B6BC-A3A55BBA9502}.Release|Any CPU.Build.0 = Release|Any CPU
	EndGlobalSection
	GlobalSection(SolutionProperties) = preSolution
		HideSolutionNode = FALSE
	EndGlobalSection
EndGlobal
